// !$*UTF8*$!
{
	archiveVersion = 1;
	classes = {
	};
	objectVersion = 46;
	objects = {

/* Begin PBXBuildFile section */
		41A5A4611E31BCD30059D0CE /* main.m in Sources */ = {isa = PBXBuildFile; fileRef = 41A5A4601E31BCD30059D0CE /* main.m */; };
		41A5A4641E31BCD30059D0CE /* AppDelegate.m in Sources */ = {isa = PBXBuildFile; fileRef = 41A5A4631E31BCD30059D0CE /* AppDelegate.m */; };
		41A5A4671E31BCD30059D0CE /* ViewController.m in Sources */ = {isa = PBXBuildFile; fileRef = 41A5A4661E31BCD30059D0CE /* ViewController.m */; };
		41A5A46A1E31BCD30059D0CE /* Main.storyboard in Resources */ = {isa = PBXBuildFile; fileRef = 41A5A4681E31BCD30059D0CE /* Main.storyboard */; };
		41A5A46C1E31BCD30059D0CE /* Assets.xcassets in Resources */ = {isa = PBXBuildFile; fileRef = 41A5A46B1E31BCD30059D0CE /* Assets.xcassets */; };
		41A5A46F1E31BCD30059D0CE /* LaunchScreen.storyboard in Resources */ = {isa = PBXBuildFile; fileRef = 41A5A46D1E31BCD30059D0CE /* LaunchScreen.storyboard */; };
		41A5A47A1E31BCD40059D0CE /* jenkinsTests.m in Sources */ = {isa = PBXBuildFile; fileRef = 41A5A4791E31BCD40059D0CE /* jenkinsTests.m */; };
		41A5A4851E31BCD40059D0CE /* jenkinsUITests.m in Sources */ = {isa = PBXBuildFile; fileRef = 41A5A4841E31BCD40059D0CE /* jenkinsUITests.m */; };
/* End PBXBuildFile section */

/* Begin PBXContainerItemProxy section */
		41A5A4761E31BCD40059D0CE /* PBXContainerItemProxy */ = {
			isa = PBXContainerItemProxy;
			containerPortal = 41A5A4541E31BCD30059D0CE /* Project object */;
			proxyType = 1;
			remoteGlobalIDString = 41A5A45B1E31BCD30059D0CE;
			remoteInfo = jenkins;
		};
		41A5A4811E31BCD40059D0CE /* PBXContainerItemProxy */ = {
			isa = PBXContainerItemProxy;
			containerPortal = 41A5A4541E31BCD30059D0CE /* Project object */;
			proxyType = 1;
			remoteGlobalIDString = 41A5A45B1E31BCD30059D0CE;
			remoteInfo = jenkins;
		};
/* End PBXContainerItemProxy section */

/* Begin PBXFileReference section */
		41A5A45C1E31BCD30059D0CE /* jenkins.app */ = {isa = PBXFileReference; explicitFileType = wrapper.application; includeInIndex = 0; path = jenkins.app; sourceTree = BUILT_PRODUCTS_DIR; };
		41A5A4601E31BCD30059D0CE /* main.m */ = {isa = PBXFileReference; lastKnownFileType = sourcecode.c.objc; path = main.m; sourceTree = "<group>"; };
		41A5A4621E31BCD30059D0CE /* AppDelegate.h */ = {isa = PBXFileReference; lastKnownFileType = sourcecode.c.h; path = AppDelegate.h; sourceTree = "<group>"; };
		41A5A4631E31BCD30059D0CE /* AppDelegate.m */ = {isa = PBXFileReference; lastKnownFileType = sourcecode.c.objc; path = AppDelegate.m; sourceTree = "<group>"; };
		41A5A4651E31BCD30059D0CE /* ViewController.h */ = {isa = PBXFileReference; lastKnownFileType = sourcecode.c.h; path = ViewController.h; sourceTree = "<group>"; };
		41A5A4661E31BCD30059D0CE /* ViewController.m */ = {isa = PBXFileReference; lastKnownFileType = sourcecode.c.objc; path = ViewController.m; sourceTree = "<group>"; };
		41A5A4691E31BCD30059D0CE /* Base */ = {isa = PBXFileReference; lastKnownFileType = file.storyboard; name = Base; path = Base.lproj/Main.storyboard; sourceTree = "<group>"; };
		41A5A46B1E31BCD30059D0CE /* Assets.xcassets */ = {isa = PBXFileReference; lastKnownFileType = folder.assetcatalog; path = Assets.xcassets; sourceTree = "<group>"; };
		41A5A46E1E31BCD30059D0CE /* Base */ = {isa = PBXFileReference; lastKnownFileType = file.storyboard; name = Base; path = Base.lproj/LaunchScreen.storyboard; sourceTree = "<group>"; };
		41A5A4701E31BCD30059D0CE /* Info.plist */ = {isa = PBXFileReference; lastKnownFileType = text.plist.xml; path = Info.plist; sourceTree = "<group>"; };
		41A5A4751E31BCD40059D0CE /* jenkinsTests.xctest */ = {isa = PBXFileReference; explicitFileType = wrapper.cfbundle; includeInIndex = 0; path = jenkinsTests.xctest; sourceTree = BUILT_PRODUCTS_DIR; };
		41A5A4791E31BCD40059D0CE /* jenkinsTests.m */ = {isa = PBXFileReference; lastKnownFileType = sourcecode.c.objc; path = jenkinsTests.m; sourceTree = "<group>"; };
		41A5A47B1E31BCD40059D0CE /* Info.plist */ = {isa = PBXFileReference; lastKnownFileType = text.plist.xml; path = Info.plist; sourceTree = "<group>"; };
		41A5A4801E31BCD40059D0CE /* jenkinsUITests.xctest */ = {isa = PBXFileReference; explicitFileType = wrapper.cfbundle; includeInIndex = 0; path = jenkinsUITests.xctest; sourceTree = BUILT_PRODUCTS_DIR; };
		41A5A4841E31BCD40059D0CE /* jenkinsUITests.m */ = {isa = PBXFileReference; lastKnownFileType = sourcecode.c.objc; path = jenkinsUITests.m; sourceTree = "<group>"; };
		41A5A4861E31BCD40059D0CE /* Info.plist */ = {isa = PBXFileReference; lastKnownFileType = text.plist.xml; path = Info.plist; sourceTree = "<group>"; };
/* End PBXFileReference section */

/* Begin PBXFrameworksBuildPhase section */
		41A5A4591E31BCD30059D0CE /* Frameworks */ = {
			isa = PBXFrameworksBuildPhase;
			buildActionMask = 2147483647;
			files = (
			);
			runOnlyForDeploymentPostprocessing = 0;
		};
		41A5A4721E31BCD40059D0CE /* Frameworks */ = {
			isa = PBXFrameworksBuildPhase;
			buildActionMask = 2147483647;
			files = (
			);
			runOnlyForDeploymentPostprocessing = 0;
		};
		41A5A47D1E31BCD40059D0CE /* Frameworks */ = {
			isa = PBXFrameworksBuildPhase;
			buildActionMask = 2147483647;
			files = (
			);
			runOnlyForDeploymentPostprocessing = 0;
		};
/* End PBXFrameworksBuildPhase section */

/* Begin PBXGroup section */
		41A5A4531E31BCD30059D0CE = {
			isa = PBXGroup;
			children = (
				41A5A45E1E31BCD30059D0CE /* jenkins */,
				41A5A4781E31BCD40059D0CE /* jenkinsTests */,
				41A5A4831E31BCD40059D0CE /* jenkinsUITests */,
				41A5A45D1E31BCD30059D0CE /* Products */,
			);
			sourceTree = "<group>";
		};
		41A5A45D1E31BCD30059D0CE /* Products */ = {
			isa = PBXGroup;
			children = (
				41A5A45C1E31BCD30059D0CE /* jenkins.app */,
				41A5A4751E31BCD40059D0CE /* jenkinsTests.xctest */,
				41A5A4801E31BCD40059D0CE /* jenkinsUITests.xctest */,
			);
			name = Products;
			sourceTree = "<group>";
		};
		41A5A45E1E31BCD30059D0CE /* jenkins */ = {
			isa = PBXGroup;
			children = (
				41A5A4621E31BCD30059D0CE /* AppDelegate.h */,
				41A5A4631E31BCD30059D0CE /* AppDelegate.m */,
				41A5A4651E31BCD30059D0CE /* ViewController.h */,
				41A5A4661E31BCD30059D0CE /* ViewController.m */,
				41A5A4681E31BCD30059D0CE /* Main.storyboard */,
				41A5A46B1E31BCD30059D0CE /* Assets.xcassets */,
				41A5A46D1E31BCD30059D0CE /* LaunchScreen.storyboard */,
				41A5A4701E31BCD30059D0CE /* Info.plist */,
				41A5A45F1E31BCD30059D0CE /* Supporting Files */,
			);
			path = jenkins;
			sourceTree = "<group>";
		};
		41A5A45F1E31BCD30059D0CE /* Supporting Files */ = {
			isa = PBXGroup;
			children = (
				41A5A4601E31BCD30059D0CE /* main.m */,
			);
			name = "Supporting Files";
			sourceTree = "<group>";
		};
		41A5A4781E31BCD40059D0CE /* jenkinsTests */ = {
			isa = PBXGroup;
			children = (
				41A5A4791E31BCD40059D0CE /* jenkinsTests.m */,
				41A5A47B1E31BCD40059D0CE /* Info.plist */,
			);
			path = jenkinsTests;
			sourceTree = "<group>";
		};
		41A5A4831E31BCD40059D0CE /* jenkinsUITests */ = {
			isa = PBXGroup;
			children = (
				41A5A4841E31BCD40059D0CE /* jenkinsUITests.m */,
				41A5A4861E31BCD40059D0CE /* Info.plist */,
			);
			path = jenkinsUITests;
			sourceTree = "<group>";
		};
/* End PBXGroup section */

/* Begin PBXNativeTarget section */
		41A5A45B1E31BCD30059D0CE /* jenkins */ = {
			isa = PBXNativeTarget;
			buildConfigurationList = 41A5A4891E31BCD40059D0CE /* Build configuration list for PBXNativeTarget "jenkins" */;
			buildPhases = (
				41A5A4581E31BCD30059D0CE /* Sources */,
				41A5A4591E31BCD30059D0CE /* Frameworks */,
				41A5A45A1E31BCD30059D0CE /* Resources */,
			);
			buildRules = (
			);
			dependencies = (
			);
			name = jenkins;
			productName = jenkins;
			productReference = 41A5A45C1E31BCD30059D0CE /* jenkins.app */;
			productType = "com.apple.product-type.application";
		};
		41A5A4741E31BCD40059D0CE /* jenkinsTests */ = {
			isa = PBXNativeTarget;
			buildConfigurationList = 41A5A48C1E31BCD40059D0CE /* Build configuration list for PBXNativeTarget "jenkinsTests" */;
			buildPhases = (
				41A5A4711E31BCD40059D0CE /* Sources */,
				41A5A4721E31BCD40059D0CE /* Frameworks */,
				41A5A4731E31BCD40059D0CE /* Resources */,
			);
			buildRules = (
			);
			dependencies = (
				41A5A4771E31BCD40059D0CE /* PBXTargetDependency */,
			);
			name = jenkinsTests;
			productName = jenkinsTests;
			productReference = 41A5A4751E31BCD40059D0CE /* jenkinsTests.xctest */;
			productType = "com.apple.product-type.bundle.unit-test";
		};
		41A5A47F1E31BCD40059D0CE /* jenkinsUITests */ = {
			isa = PBXNativeTarget;
			buildConfigurationList = 41A5A48F1E31BCD40059D0CE /* Build configuration list for PBXNativeTarget "jenkinsUITests" */;
			buildPhases = (
				41A5A47C1E31BCD40059D0CE /* Sources */,
				41A5A47D1E31BCD40059D0CE /* Frameworks */,
				41A5A47E1E31BCD40059D0CE /* Resources */,
			);
			buildRules = (
			);
			dependencies = (
				41A5A4821E31BCD40059D0CE /* PBXTargetDependency */,
			);
			name = jenkinsUITests;
			productName = jenkinsUITests;
			productReference = 41A5A4801E31BCD40059D0CE /* jenkinsUITests.xctest */;
			productType = "com.apple.product-type.bundle.ui-testing";
		};
/* End PBXNativeTarget section */

/* Begin PBXProject section */
		41A5A4541E31BCD30059D0CE /* Project object */ = {
			isa = PBXProject;
			attributes = {
				LastUpgradeCheck = 0800;
				ORGANIZATIONNAME = "张阳";
				TargetAttributes = {
					41A5A45B1E31BCD30059D0CE = {
						CreatedOnToolsVersion = 8.0;
						DevelopmentTeam = 7CCDF6GGY6;
						ProvisioningStyle = Manual;
					};
					41A5A4741E31BCD40059D0CE = {
						CreatedOnToolsVersion = 8.0;
						ProvisioningStyle = Automatic;
						TestTargetID = 41A5A45B1E31BCD30059D0CE;
					};
					41A5A47F1E31BCD40059D0CE = {
						CreatedOnToolsVersion = 8.0;
						ProvisioningStyle = Automatic;
						TestTargetID = 41A5A45B1E31BCD30059D0CE;
					};
				};
			};
			buildConfigurationList = 41A5A4571E31BCD30059D0CE /* Build configuration list for PBXProject "jenkins" */;
			compatibilityVersion = "Xcode 3.2";
			developmentRegion = English;
			hasScannedForEncodings = 0;
			knownRegions = (
				en,
				Base,
			);
			mainGroup = 41A5A4531E31BCD30059D0CE;
			productRefGroup = 41A5A45D1E31BCD30059D0CE /* Products */;
			projectDirPath = "";
			projectRoot = "";
			targets = (
				41A5A45B1E31BCD30059D0CE /* jenkins */,
				41A5A4741E31BCD40059D0CE /* jenkinsTests */,
				41A5A47F1E31BCD40059D0CE /* jenkinsUITests */,
			);
		};
/* End PBXProject section */

/* Begin PBXResourcesBuildPhase section */
		41A5A45A1E31BCD30059D0CE /* Resources */ = {
			isa = PBXResourcesBuildPhase;
			buildActionMask = 2147483647;
			files = (
				41A5A46F1E31BCD30059D0CE /* LaunchScreen.storyboard in Resources */,
				41A5A46C1E31BCD30059D0CE /* Assets.xcassets in Resources */,
				41A5A46A1E31BCD30059D0CE /* Main.storyboard in Resources */,
			);
			runOnlyForDeploymentPostprocessing = 0;
		};
		41A5A4731E31BCD40059D0CE /* Resources */ = {
			isa = PBXResourcesBuildPhase;
			buildActionMask = 2147483647;
			files = (
			);
			runOnlyForDeploymentPostprocessing = 0;
		};
		41A5A47E1E31BCD40059D0CE /* Resources */ = {
			isa = PBXResourcesBuildPhase;
			buildActionMask = 2147483647;
			files = (
			);
			runOnlyForDeploymentPostprocessing = 0;
		};
/* End PBXResourcesBuildPhase section */

/* Begin PBXSourcesBuildPhase section */
		41A5A4581E31BCD30059D0CE /* Sources */ = {
			isa = PBXSourcesBuildPhase;
			buildActionMask = 2147483647;
			files = (
				41A5A4671E31BCD30059D0CE /* ViewController.m in Sources */,
				41A5A4641E31BCD30059D0CE /* AppDelegate.m in Sources */,
				41A5A4611E31BCD30059D0CE /* main.m in Sources */,
			);
			runOnlyForDeploymentPostprocessing = 0;
		};
		41A5A4711E31BCD40059D0CE /* Sources */ = {
			isa = PBXSourcesBuildPhase;
			buildActionMask = 2147483647;
			files = (
				41A5A47A1E31BCD40059D0CE /* jenkinsTests.m in Sources */,
			);
			runOnlyForDeploymentPostprocessing = 0;
		};
		41A5A47C1E31BCD40059D0CE /* Sources */ = {
			isa = PBXSourcesBuildPhase;
			buildActionMask = 2147483647;
			files = (
				41A5A4851E31BCD40059D0CE /* jenkinsUITests.m in Sources */,
			);
			runOnlyForDeploymentPostprocessing = 0;
		};
/* End PBXSourcesBuildPhase section */

/* Begin PBXTargetDependency section */
		41A5A4771E31BCD40059D0CE /* PBXTargetDependency */ = {
			isa = PBXTargetDependency;
			target = 41A5A45B1E31BCD30059D0CE /* jenkins */;
			targetProxy = 41A5A4761E31BCD40059D0CE /* PBXContainerItemProxy */;
		};
		41A5A4821E31BCD40059D0CE /* PBXTargetDependency */ = {
			isa = PBXTargetDependency;
			target = 41A5A45B1E31BCD30059D0CE /* jenkins */;
			targetProxy = 41A5A4811E31BCD40059D0CE /* PBXContainerItemProxy */;
		};
/* End PBXTargetDependency section */

/* Begin PBXVariantGroup section */
		41A5A4681E31BCD30059D0CE /* Main.storyboard */ = {
			isa = PBXVariantGroup;
			children = (
				41A5A4691E31BCD30059D0CE /* Base */,
			);
			name = Main.storyboard;
			sourceTree = "<group>";
		};
		41A5A46D1E31BCD30059D0CE /* LaunchScreen.storyboard */ = {
			isa = PBXVariantGroup;
			children = (
				41A5A46E1E31BCD30059D0CE /* Base */,
			);
			name = LaunchScreen.storyboard;
			sourceTree = "<group>";
		};
/* End PBXVariantGroup section */

/* Begin XCBuildConfiguration section */
		41A5A4871E31BCD40059D0CE /* Debug */ = {
			isa = XCBuildConfiguration;
			buildSettings = {
				ALWAYS_SEARCH_USER_PATHS = NO;
				CLANG_ANALYZER_NONNULL = YES;
				CLANG_CXX_LANGUAGE_STANDARD = "gnu++0x";
				CLANG_CXX_LIBRARY = "libc++";
				CLANG_ENABLE_MODULES = YES;
				CLANG_ENABLE_OBJC_ARC = YES;
				CLANG_WARN_BOOL_CONVERSION = YES;
				CLANG_WARN_CONSTANT_CONVERSION = YES;
				CLANG_WARN_DIRECT_OBJC_ISA_USAGE = YES_ERROR;
				CLANG_WARN_DOCUMENTATION_COMMENTS = YES;
				CLANG_WARN_EMPTY_BODY = YES;
				CLANG_WARN_ENUM_CONVERSION = YES;
				CLANG_WARN_INFINITE_RECURSION = YES;
				CLANG_WARN_INT_CONVERSION = YES;
				CLANG_WARN_OBJC_ROOT_CLASS = YES_ERROR;
				CLANG_WARN_SUSPICIOUS_MOVES = YES;
				CLANG_WARN_UNREACHABLE_CODE = YES;
				CLANG_WARN__DUPLICATE_METHOD_MATCH = YES;
				"CODE_SIGN_IDENTITY[sdk=iphoneos*]" = "iPhone Developer";
				COPY_PHASE_STRIP = NO;
				DEBUG_INFORMATION_FORMAT = dwarf;
				ENABLE_STRICT_OBJC_MSGSEND = YES;
				ENABLE_TESTABILITY = YES;
				GCC_C_LANGUAGE_STANDARD = gnu99;
				GCC_DYNAMIC_NO_PIC = NO;
				GCC_NO_COMMON_BLOCKS = YES;
				GCC_OPTIMIZATION_LEVEL = 0;
				GCC_PREPROCESSOR_DEFINITIONS = (
					"DEBUG=1",
					"$(inherited)",
				);
				GCC_WARN_64_TO_32_BIT_CONVERSION = YES;
				GCC_WARN_ABOUT_RETURN_TYPE = YES_ERROR;
				GCC_WARN_UNDECLARED_SELECTOR = YES;
				GCC_WARN_UNINITIALIZED_AUTOS = YES_AGGRESSIVE;
				GCC_WARN_UNUSED_FUNCTION = YES;
				GCC_WARN_UNUSED_VARIABLE = YES;
				IPHONEOS_DEPLOYMENT_TARGET = 10.0;
				MTL_ENABLE_DEBUG_INFO = YES;
				ONLY_ACTIVE_ARCH = YES;
				SDKROOT = iphoneos;
			};
			name = Debug;
		};
		41A5A4881E31BCD40059D0CE /* Release */ = {
			isa = XCBuildConfiguration;
			buildSettings = {
				ALWAYS_SEARCH_USER_PATHS = NO;
				CLANG_ANALYZER_NONNULL = YES;
				CLANG_CXX_LANGUAGE_STANDARD = "gnu++0x";
				CLANG_CXX_LIBRARY = "libc++";
				CLANG_ENABLE_MODULES = YES;
				CLANG_ENABLE_OBJC_ARC = YES;
				CLANG_WARN_BOOL_CONVERSION = YES;
				CLANG_WARN_CONSTANT_CONVERSION = YES;
				CLANG_WARN_DIRECT_OBJC_ISA_USAGE = YES_ERROR;
				CLANG_WARN_DOCUMENTATION_COMMENTS = YES;
				CLANG_WARN_EMPTY_BODY = YES;
				CLANG_WARN_ENUM_CONVERSION = YES;
				CLANG_WARN_INFINITE_RECURSION = YES;
				CLANG_WARN_INT_CONVERSION = YES;
				CLANG_WARN_OBJC_ROOT_CLASS = YES_ERROR;
				CLANG_WARN_SUSPICIOUS_MOVES = YES;
				CLANG_WARN_UNREACHABLE_CODE = YES;
				CLANG_WARN__DUPLICATE_METHOD_MATCH = YES;
				"CODE_SIGN_IDENTITY[sdk=iphoneos*]" = "iPhone Developer";
				COPY_PHASE_STRIP = NO;
				DEBUG_INFORMATION_FORMAT = "dwarf-with-dsym";
				ENABLE_NS_ASSERTIONS = NO;
				ENABLE_STRICT_OBJC_MSGSEND = YES;
				GCC_C_LANGUAGE_STANDARD = gnu99;
				GCC_NO_COMMON_BLOCKS = YES;
				GCC_WARN_64_TO_32_BIT_CONVERSION = YES;
				GCC_WARN_ABOUT_RETURN_TYPE = YES_ERROR;
				GCC_WARN_UNDECLARED_SELECTOR = YES;
				GCC_WARN_UNINITIALIZED_AUTOS = YES_AGGRESSIVE;
				GCC_WARN_UNUSED_FUNCTION = YES;
				GCC_WARN_UNUSED_VARIABLE = YES;
				IPHONEOS_DEPLOYMENT_TARGET = 10.0;
				MTL_ENABLE_DEBUG_INFO = NO;
				SDKROOT = iphoneos;
				VALIDATE_PRODUCT = YES;
			};
			name = Release;
		};
		41A5A48A1E31BCD40059D0CE /* Debug */ = {
			isa = XCBuildConfiguration;
			buildSettings = {
				ASSETCATALOG_COMPILER_APPICON_NAME = AppIcon;
				"CODE_SIGN_IDENTITY[sdk=iphoneos*]" = "iPhone Developer: 阳 张 (6UAJ2MQ47V)";
				DEVELOPMENT_TEAM = 7CCDF6GGY6;
				INFOPLIST_FILE = jenkins/Info.plist;
				LD_RUNPATH_SEARCH_PATHS = "$(inherited) @executable_path/Frameworks";
				PRODUCT_BUNDLE_IDENTIFIER = com.jenkins.zy;
				PRODUCT_NAME = "$(TARGET_NAME)";
				PROVISIONING_PROFILE = "78eae181-cbce-4145-9119-8f5d41c2e2a1";
				PROVISIONING_PROFILE_SPECIFIER = com.jenkins.zy;
			};
			name = Debug;
		};
		41A5A48B1E31BCD40059D0CE /* Release */ = {
			isa = XCBuildConfiguration;
			buildSettings = {
				ASSETCATALOG_COMPILER_APPICON_NAME = AppIcon;
				"CODE_SIGN_IDENTITY[sdk=iphoneos*]" = "iPhone Developer: 阳 张 (6UAJ2MQ47V)";
				DEVELOPMENT_TEAM = 7CCDF6GGY6;
				INFOPLIST_FILE = jenkins/Info.plist;
				LD_RUNPATH_SEARCH_PATHS = "$(inherited) @executable_path/Frameworks";
				PRODUCT_BUNDLE_IDENTIFIER = com.jenkins.zy;
				PRODUCT_NAME = "$(TARGET_NAME)";
				PROVISIONING_PROFILE = "78eae181-cbce-4145-9119-8f5d41c2e2a1";
				PROVISIONING_PROFILE_SPECIFIER = com.jenkins.zy;
			};
			name = Release;
		};
		41A5A48D1E31BCD40059D0CE /* Debug */ = {
			isa = XCBuildConfiguration;
			buildSettings = {
				BUNDLE_LOADER = "$(TEST_HOST)";
				INFOPLIST_FILE = jenkinsTests/Info.plist;
				LD_RUNPATH_SEARCH_PATHS = "$(inherited) @executable_path/Frameworks @loader_path/Frameworks";
				PRODUCT_BUNDLE_IDENTIFIER = zy.com.jenkinsTests;
				PRODUCT_NAME = "$(TARGET_NAME)";
				TEST_HOST = "$(BUILT_PRODUCTS_DIR)/jenkins.app/jenkins";
			};
			name = Debug;
		};
		41A5A48E1E31BCD40059D0CE /* Release */ = {
			isa = XCBuildConfiguration;
			buildSettings = {
				BUNDLE_LOADER = "$(TEST_HOST)";
				INFOPLIST_FILE = jenkinsTests/Info.plist;
				LD_RUNPATH_SEARCH_PATHS = "$(inherited) @executable_path/Frameworks @loader_path/Frameworks";
				PRODUCT_BUNDLE_IDENTIFIER = zy.com.jenkinsTests;
				PRODUCT_NAME = "$(TARGET_NAME)";
				TEST_HOST = "$(BUILT_PRODUCTS_DIR)/jenkins.app/jenkins";
			};
			name = Release;
		};
		41A5A4901E31BCD40059D0CE /* Debug */ = {
			isa = XCBuildConfiguration;
			buildSettings = {
				INFOPLIST_FILE = jenkinsUITests/Info.plist;
				LD_RUNPATH_SEARCH_PATHS = "$(inherited) @executable_path/Frameworks @loader_path/Frameworks";
				PRODUCT_BUNDLE_IDENTIFIER = zy.com.jenkinsUITests;
				PRODUCT_NAME = "$(TARGET_NAME)";
				TEST_TARGET_NAME = jenkins;
			};
			name = Debug;
		};
		41A5A4911E31BCD40059D0CE /* Release */ = {
			isa = XCBuildConfiguration;
			buildSettings = {
				INFOPLIST_FILE = jenkinsUITests/Info.plist;
				LD_RUNPATH_SEARCH_PATHS = "$(inherited) @executable_path/Frameworks @loader_path/Frameworks";
				PRODUCT_BUNDLE_IDENTIFIER = zy.com.jenkinsUITests;
				PRODUCT_NAME = "$(TARGET_NAME)";
				TEST_TARGET_NAME = jenkins;
			};
			name = Release;
		};
/* End XCBuildConfiguration section */

/* Begin XCConfigurationList section */
		41A5A4571E31BCD30059D0CE /* Build configuration list for PBXProject "jenkins" */ = {
			isa = XCConfigurationList;
			buildConfigurations = (
				41A5A4871E31BCD40059D0CE /* Debug */,
				41A5A4881E31BCD40059D0CE /* Release */,
			);
			defaultConfigurationIsVisible = 0;
			defaultConfigurationName = Release;
		};
		41A5A4891E31BCD40059D0CE /* Build configuration list for PBXNativeTarget "jenkins" */ = {
			isa = XCConfigurationList;
			buildConfigurations = (
				41A5A48A1E31BCD40059D0CE /* Debug */,
				41A5A48B1E31BCD40059D0CE /* Release */,
			);
			defaultConfigurationIsVisible = 0;
		};
		41A5A48C1E31BCD40059D0CE /* Build configuration list for PBXNativeTarget "jenkinsTests" */ = {
			isa = XCConfigurationList;
			buildConfigurations = (
				41A5A48D1E31BCD40059D0CE /* Debug */,
				41A5A48E1E31BCD40059D0CE /* Release */,
			);
			defaultConfigurationIsVisible = 0;
		};
		41A5A48F1E31BCD40059D0CE /* Build configuration list for PBXNativeTarget "jenkinsUITests" */ = {
			isa = XCConfigurationList;
			buildConfigurations = (
				41A5A4901E31BCD40059D0CE /* Debug */,
				41A5A4911E31BCD40059D0CE /* Release */,
			);
			defaultConfigurationIsVisible = 0;
		};
/* End XCConfigurationList section */
	};
	rootObject = 41A5A4541E31BCD30059D0CE /* Project object */;
}
